
Microsoft Visual Studio Solution File, Format Version 12.00
# Visual Studio Version 17
VisualStudioVersion = 17.7.34202.233
MinimumVisualStudioVersion = 10.0.40219.1
Project("{9A19103F-16F7-4668-BE54-9A1E7A4F7556}") = "Blog_withPostgresql", "Blog_withPostgresql\Blog_withPostgresql.csproj", "{1F72C1AB-8C7F-4D19-8C17-C2FDFA2516D3}"
EndProject
Project("{9A19103F-16F7-4668-BE54-9A1E7A4F7556}") = "BlogTests", "BlogTests\BlogTests.csproj", "{42A1D7DE-5862-4CAB-B7C0-7E08E618B75F}"
EndProject
Project("{9A19103F-16F7-4668-BE54-9A1E7A4F7556}") = "Blog.BLL", "Blog.BLL\Blog.BLL.csproj", "{A386C2F7-0CD1-4AA9-A167-B101C6331C1D}"
EndProject
Project("{FAE04EC0-301F-11D3-BF4B-00C04F79EFBC}") = "Blog.Data", "Blog.Data\Blog.Data.csproj", "{32BDCD61-718C-472B-9B59-6DC539401FA3}"
EndProject
Global
	GlobalSection(SolutionConfigurationPlatforms) = preSolution
		Debug|Any CPU = Debug|Any CPU
		Debug|ARM = Debug|ARM
		Debug|ARM64 = Debug|ARM64
		Debug|x64 = Debug|x64
		Debug|x86 = Debug|x86
		Release|Any CPU = Release|Any CPU
		Release|ARM = Release|ARM
		Release|ARM64 = Release|ARM64
		Release|x64 = Release|x64
		Release|x86 = Release|x86
	EndGlobalSection
	GlobalSection(ProjectConfigurationPlatforms) = postSolution
		{1F72C1AB-8C7F-4D19-8C17-C2FDFA2516D3}.Debug|Any CPU.ActiveCfg = Debug|Any CPU
		{1F72C1AB-8C7F-4D19-8C17-C2FDFA2516D3}.Debug|Any CPU.Build.0 = Debug|Any CPU
		{1F72C1AB-8C7F-4D19-8C17-C2FDFA2516D3}.Debug|ARM.ActiveCfg = Debug|Any CPU
		{1F72C1AB-8C7F-4D19-8C17-C2FDFA2516D3}.Debug|ARM.Build.0 = Debug|Any CPU
		{1F72C1AB-8C7F-4D19-8C17-C2FDFA2516D3}.Debug|ARM64.ActiveCfg = Debug|Any CPU
		{1F72C1AB-8C7F-4D19-8C17-C2FDFA2516D3}.Debug|ARM64.Build.0 = Debug|Any CPU
		{1F72C1AB-8C7F-4D19-8C17-C2FDFA2516D3}.Debug|x64.ActiveCfg = Debug|Any CPU
		{1F72C1AB-8C7F-4D19-8C17-C2FDFA2516D3}.Debug|x64.Build.0 = Debug|Any CPU
		{1F72C1AB-8C7F-4D19-8C17-C2FDFA2516D3}.Debug|x86.ActiveCfg = Debug|Any CPU
		{1F72C1AB-8C7F-4D19-8C17-C2FDFA2516D3}.Debug|x86.Build.0 = Debug|Any CPU
		{1F72C1AB-8C7F-4D19-8C17-C2FDFA2516D3}.Release|Any CPU.ActiveCfg = Release|Any CPU
		{1F72C1AB-8C7F-4D19-8C17-C2FDFA2516D3}.Release|Any CPU.Build.0 = Release|Any CPU
		{1F72C1AB-8C7F-4D19-8C17-C2FDFA2516D3}.Release|ARM.ActiveCfg = Release|Any CPU
		{1F72C1AB-8C7F-4D19-8C17-C2FDFA2516D3}.Release|ARM.Build.0 = Release|Any CPU
		{1F72C1AB-8C7F-4D19-8C17-C2FDFA2516D3}.Release|ARM64.ActiveCfg = Release|Any CPU
		{1F72C1AB-8C7F-4D19-8C17-C2FDFA2516D3}.Release|ARM64.Build.0 = Release|Any CPU
		{1F72C1AB-8C7F-4D19-8C17-C2FDFA2516D3}.Release|x64.ActiveCfg = Release|Any CPU
		{1F72C1AB-8C7F-4D19-8C17-C2FDFA2516D3}.Release|x64.Build.0 = Release|Any CPU
		{1F72C1AB-8C7F-4D19-8C17-C2FDFA2516D3}.Release|x86.ActiveCfg = Release|Any CPU
		{1F72C1AB-8C7F-4D19-8C17-C2FDFA2516D3}.Release|x86.Build.0 = Release|Any CPU
		{42A1D7DE-5862-4CAB-B7C0-7E08E618B75F}.Debug|Any CPU.ActiveCfg = Debug|Any CPU
		{42A1D7DE-5862-4CAB-B7C0-7E08E618B75F}.Debug|Any CPU.Build.0 = Debug|Any CPU
		{42A1D7DE-5862-4CAB-B7C0-7E08E618B75F}.Debug|ARM.ActiveCfg = Debug|Any CPU
		{42A1D7DE-5862-4CAB-B7C0-7E08E618B75F}.Debug|ARM.Build.0 = Debug|Any CPU
		{42A1D7DE-5862-4CAB-B7C0-7E08E618B75F}.Debug|ARM64.ActiveCfg = Debug|Any CPU
		{42A1D7DE-5862-4CAB-B7C0-7E08E618B75F}.Debug|ARM64.Build.0 = Debug|Any CPU
		{42A1D7DE-5862-4CAB-B7C0-7E08E618B75F}.Debug|x64.ActiveCfg = Debug|Any CPU
		{42A1D7DE-5862-4CAB-B7C0-7E08E618B75F}.Debug|x64.Build.0 = Debug|Any CPU
		{42A1D7DE-5862-4CAB-B7C0-7E08E618B75F}.Debug|x86.ActiveCfg = Debug|Any CPU
		{42A1D7DE-5862-4CAB-B7C0-7E08E618B75F}.Debug|x86.Build.0 = Debug|Any CPU
		{42A1D7DE-5862-4CAB-B7C0-7E08E618B75F}.Release|Any CPU.ActiveCfg = Release|Any CPU
		{42A1D7DE-5862-4CAB-B7C0-7E08E618B75F}.Release|Any CPU.Build.0 = Release|Any CPU
		{42A1D7DE-5862-4CAB-B7C0-7E08E618B75F}.Release|ARM.ActiveCfg = Release|Any CPU
		{42A1D7DE-5862-4CAB-B7C0-7E08E618B75F}.Release|ARM.Build.0 = Release|Any CPU
		{42A1D7DE-5862-4CAB-B7C0-7E08E618B75F}.Release|ARM64.ActiveCfg = Release|Any CPU
		{42A1D7DE-5862-4CAB-B7C0-7E08E618B75F}.Release|ARM64.Build.0 = Release|Any CPU
		{42A1D7DE-5862-4CAB-B7C0-7E08E618B75F}.Release|x64.ActiveCfg = Release|Any CPU
		{42A1D7DE-5862-4CAB-B7C0-7E08E618B75F}.Release|x64.Build.0 = Release|Any CPU
		{42A1D7DE-5862-4CAB-B7C0-7E08E618B75F}.Release|x86.ActiveCfg = Release|Any CPU
		{42A1D7DE-5862-4CAB-B7C0-7E08E618B75F}.Release|x86.Build.0 = Release|Any CPU
		{A386C2F7-0CD1-4AA9-A167-B101C6331C1D}.Debug|Any CPU.ActiveCfg = Debug|Any CPU
		{A386C2F7-0CD1-4AA9-A167-B101C6331C1D}.Debug|Any CPU.Build.0 = Debug|Any CPU
		{A386C2F7-0CD1-4AA9-A167-B101C6331C1D}.Debug|ARM.ActiveCfg = Debug|Any CPU
		{A386C2F7-0CD1-4AA9-A167-B101C6331C1D}.Debug|ARM.Build.0 = Debug|Any CPU
		{A386C2F7-0CD1-4AA9-A167-B101C6331C1D}.Debug|ARM64.ActiveCfg = Debug|Any CPU
		{A386C2F7-0CD1-4AA9-A167-B101C6331C1D}.Debug|ARM64.Build.0 = Debug|Any CPU
		{A386C2F7-0CD1-4AA9-A167-B101C6331C1D}.Debug|x64.ActiveCfg = Debug|Any CPU
		{A386C2F7-0CD1-4AA9-A167-B101C6331C1D}.Debug|x64.Build.0 = Debug|Any CPU
		{A386C2F7-0CD1-4AA9-A167-B101C6331C1D}.Debug|x86.ActiveCfg = Debug|Any CPU
		{A386C2F7-0CD1-4AA9-A167-B101C6331C1D}.Debug|x86.Build.0 = Debug|Any CPU
		{A386C2F7-0CD1-4AA9-A167-B101C6331C1D}.Release|Any CPU.ActiveCfg = Release|Any CPU
		{A386C2F7-0CD1-4AA9-A167-B101C6331C1D}.Release|Any CPU.Build.0 = Release|Any CPU
		{A386C2F7-0CD1-4AA9-A167-B101C6331C1D}.Release|ARM.ActiveCfg = Release|Any CPU
		{A386C2F7-0CD1-4AA9-A167-B101C6331C1D}.Release|ARM.Build.0 = Release|Any CPU
		{A386C2F7-0CD1-4AA9-A167-B101C6331C1D}.Release|ARM64.ActiveCfg = Release|Any CPU
		{A386C2F7-0CD1-4AA9-A167-B101C6331C1D}.Release|ARM64.Build.0 = Release|Any CPU
		{A386C2F7-0CD1-4AA9-A167-B101C6331C1D}.Release|x64.ActiveCfg = Release|Any CPU
		{A386C2F7-0CD1-4AA9-A167-B101C6331C1D}.Release|x64.Build.0 = Release|Any CPU
		{A386C2F7-0CD1-4AA9-A167-B101C6331C1D}.Release|x86.ActiveCfg = Release|Any CPU
		{A386C2F7-0CD1-4AA9-A167-B101C6331C1D}.Release|x86.Build.0 = Release|Any CPU
		{32BDCD61-718C-472B-9B59-6DC539401FA3}.Debug|Any CPU.ActiveCfg = Debug|Any CPU
		{32BDCD61-718C-472B-9B59-6DC539401FA3}.Debug|Any CPU.Build.0 = Debug|Any CPU
		{32BDCD61-718C-472B-9B59-6DC539401FA3}.Debug|ARM.ActiveCfg = Debug|Any CPU
		{32BDCD61-718C-472B-9B59-6DC539401FA3}.Debug|ARM.Build.0 = Debug|Any CPU
		{32BDCD61-718C-472B-9B59-6DC539401FA3}.Debug|ARM64.ActiveCfg = Debug|Any CPU
		{32BDCD61-718C-472B-9B59-6DC539401FA3}.Debug|ARM64.Build.0 = Debug|Any CPU
		{32BDCD61-718C-472B-9B59-6DC539401FA3}.Debug|x64.ActiveCfg = Debug|Any CPU
		{32BDCD61-718C-472B-9B59-6DC539401FA3}.Debug|x64.Build.0 = Debug|Any CPU
		{32BDCD61-718C-472B-9B59-6DC539401FA3}.Debug|x86.ActiveCfg = Debug|Any CPU
		{32BDCD61-718C-472B-9B59-6DC539401FA3}.Debug|x86.Build.0 = Debug|Any CPU
		{32BDCD61-718C-472B-9B59-6DC539401FA3}.Release|Any CPU.ActiveCfg = Release|Any CPU
		{32BDCD61-718C-472B-9B59-6DC539401FA3}.Release|Any CPU.Build.0 = Release|Any CPU
		{32BDCD61-718C-472B-9B59-6DC539401FA3}.Release|ARM.ActiveCfg = Release|Any CPU
		{32BDCD61-718C-472B-9B59-6DC539401FA3}.Release|ARM.Build.0 = Release|Any CPU
		{32BDCD61-718C-472B-9B59-6DC539401FA3}.Release|ARM64.ActiveCfg = Release|Any CPU
		{32BDCD61-718C-472B-9B59-6DC539401FA3}.Release|ARM64.Build.0 = Release|Any CPU
		{32BDCD61-718C-472B-9B59-6DC539401FA3}.Release|x64.ActiveCfg = Release|Any CPU
		{32BDCD61-718C-472B-9B59-6DC539401FA3}.Release|x64.Build.0 = Release|Any CPU
		{32BDCD61-718C-472B-9B59-6DC539401FA3}.Release|x86.ActiveCfg = Release|Any CPU
		{32BDCD61-718C-472B-9B59-6DC539401FA3}.Release|x86.Build.0 = Release|Any CPU
	EndGlobalSection
	GlobalSection(SolutionProperties) = preSolution
		HideSolutionNode = FALSE
	EndGlobalSection
	GlobalSection(ExtensibilityGlobals) = postSolution
		SolutionGuid = {5F353EAA-E25D-43DE-A47B-B86812A9A7D4}
	EndGlobalSection
EndGlobal
